# THIS IS AN AUTOGENERATED FILE. DO NOT EDIT THIS FILE DIRECTLY.
# yarn lockfile v1


"@types/jquery@^3.3.31":
  version "3.3.31"
  resolved "https://registry.yarnpkg.com/@types/jquery/-/jquery-3.3.31.tgz#27c706e4bf488474e1cb54a71d8303f37c93451b"
  integrity sha512-Lz4BAJihoFw5nRzKvg4nawXPzutkv7wmfQ5121avptaSIXlDNJCUuxZxX/G+9EVidZGuO0UBlk+YjKbwRKJigg==
  dependencies:
    "@types/sizzle" "*"

"@types/promise.prototype.finally@^2.0.3":
  version "2.0.3"
  resolved "https://registry.yarnpkg.com/@types/promise.prototype.finally/-/promise.prototype.finally-2.0.3.tgz#e77b4911f4b0564ee9142bd7cb6ba34a5c7dccc3"
  integrity sha512-hQfmCK9Hw8diRIa3KoIDY4aimdxckamHUcmaZeB9tBMyb/Shi1yCBIPfry+nqN4jILNVThY1tnTwdMhQeMjqrw==

"@types/sizzle@*":
  version "2.3.2"
  resolved "https://registry.yarnpkg.com/@types/sizzle/-/sizzle-2.3.2.tgz#a811b8c18e2babab7d542b3365887ae2e4d9de47"
  integrity sha512-7EJYyKTL7tFR8+gDbB6Wwz/arpGa0Mywk1TJbNzKzHtzbwVmY4HR9WqS5VV7dsBUKQmPNr192jHr/VpBluj/hg==
